# THIS IS AN AUTOGENERATED FILE. DO NOT EDIT THIS FILE DIRECTLY.
# yarn lockfile v1


asn1@~0.2.0:
  version "0.2.3"
  resolved "https://registry.yarnpkg.com/asn1/-/asn1-0.2.3.tgz#dac8787713c9966849fc8180777ebe9c1ddf3b86"

os-tmpdir@~1.0.1:
  version "1.0.2"
  resolved "https://registry.yarnpkg.com/os-tmpdir/-/os-tmpdir-1.0.2.tgz#bbe67406c79aa85c5cfec766fe5734555dfa1274"

semver@^5.1.0:
  version "5.5.0"
  resolved "https://registry.yarnpkg.com/semver/-/semver-5.5.0.tgz#dc4bbc7a6ca9d916dee5d43516f0092b58f7b8ab"

"ssh2-streams@github:thaapasa/ssh2-streams":
  version "0.2.1"
  resolved "https://codeload.github.com/thaapasa/ssh2-streams/tar.gz/f8cd94d7bda046296b060a59de27fbfff8269e89"
  dependencies:
    asn1 "~0.2.0"
    semver "^5.1.0"
    streamsearch "~0.1.2"

ssh2-streams@~0.1.18:
  version "0.1.20"
  resolved "https://registry.yarnpkg.com/ssh2-streams/-/ssh2-streams-0.1.20.tgz#51118d154555df5469ee1f67e0cf1e7e8a2c0e3a"
  dependencies:
    asn1 "~0.2.0"
    semver "^5.1.0"
    streamsearch "~0.1.2"

ssh2@0.5.x:
  version "0.5.5"
  resolved "https://registry.yarnpkg.com/ssh2/-/ssh2-0.5.5.tgz#c7781ecd2ece7304a253cf620fab5a5c22bb2235"
  dependencies:
    ssh2-streams "~0.1.18"

streamsearch@~0.1.2:
  version "0.1.2"
  resolved "https://registry.yarnpkg.com/streamsearch/-/streamsearch-0.1.2.tgz#808b9d0e56fc273d809ba57338e929919a1a9f1a"

tmp@^0.0.30:
  version "0.0.30"
  resolved "https://registry.yarnpkg.com/tmp/-/tmp-0.0.30.tgz#72419d4a8be7d6ce75148fd8b324e593a711c2ed"
  dependencies:
    os-tmpdir "~1.0.1"
